
Microsoft Visual Studio Solution File, Format Version 12.00
# Visual Studio Version 17
VisualStudioVersion = 17.8.34330.188
MinimumVisualStudioVersion = 10.0.40219.1
Project("{FAE04EC0-301F-11D3-BF4B-00C04F79EFBC}") = "NullableTypeAnonymousTypeDemo", "NullableTypeAnonymousTypeDemo\NullableTypeAnonymousTypeDemo.csproj", "{1034BDCA-DE1D-4AC9-939C-A885ED2EFBE0}"
EndProject
Global
	GlobalSection(SolutionConfigurationPlatforms) = preSolution
		Debug|Any CPU = Debug|Any CPU
		Release|Any CPU = Release|Any CPU
	EndGlobalSection
	GlobalSection(ProjectConfigurationPlatforms) = postSolution
		{1034BDCA-DE1D-4AC9-939C-A885ED2EFBE0}.Debug|Any CPU.ActiveCfg = Debug|Any CPU
		{1034BDCA-DE1D-4AC9-939C-A885ED2EFBE0}.Debug|Any CPU.Build.0 = Debug|Any CPU
		{1034BDCA-DE1D-4AC9-939C-A885ED2EFBE0}.Release|Any CPU.ActiveCfg = Release|Any CPU
		{1034BDCA-DE1D-4AC9-939C-A885ED2EFBE0}.Release|Any CPU.Build.0 = Release|Any CPU
	EndGlobalSection
	GlobalSection(SolutionProperties) = preSolution
		HideSolutionNode = FALSE
	EndGlobalSection
	GlobalSection(ExtensibilityGlobals) = postSolution
		SolutionGuid = {3B7344C2-6A62-46B3-A0A2-F747B0676B20}
	EndGlobalSection
EndGlobal
